
Microsoft Visual Studio Solution File, Format Version 12.00
# Visual Studio Version 17
VisualStudioVersion = 17.14.36429.23
MinimumVisualStudioVersion = 10.0.40219.1
Project("{FAE04EC0-301F-11D3-BF4B-00C04F79EFBC}") = "TheBloggest", "TheBloggest.csproj", "{8E4B0A16-F5F6-492A-8D31-8C70C6C3EE89}"
EndProject
Global
	GlobalSection(SolutionConfigurationPlatforms) = preSolution
		Debug|Any CPU = Debug|Any CPU
		Release|Any CPU = Release|Any CPU
	EndGlobalSection
	GlobalSection(ProjectConfigurationPlatforms) = postSolution
		{8E4B0A16-F5F6-492A-8D31-8C70C6C3EE89}.Debug|Any CPU.ActiveCfg = Debug|Any CPU
		{8E4B0A16-F5F6-492A-8D31-8C70C6C3EE89}.Debug|Any CPU.Build.0 = Debug|Any CPU
		{8E4B0A16-F5F6-492A-8D31-8C70C6C3EE89}.Release|Any CPU.ActiveCfg = Release|Any CPU
		{8E4B0A16-F5F6-492A-8D31-8C70C6C3EE89}.Release|Any CPU.Build.0 = Release|Any CPU
	EndGlobalSection
	GlobalSection(SolutionProperties) = preSolution
		HideSolutionNode = FALSE
	EndGlobalSection
	GlobalSection(ExtensibilityGlobals) = postSolution
		SolutionGuid = {13C8CA57-0FE7-4CDE-B0C9-E57B3382B128}
	EndGlobalSection
EndGlobal
